
Microsoft Visual Studio Solution File, Format Version 12.00
# Visual Studio Version 16
VisualStudioVersion = 16.0.29326.143
MinimumVisualStudioVersion = 10.0.40219.1
Project("{2150E333-8FDC-42A3-9474-1A3956D46DE8}") = "CleanArch.Application", "CleanArch.Application", "{D5BF0B04-7603-4D86-916C-1AE87BFA83B8}"
EndProject
Project("{2150E333-8FDC-42A3-9474-1A3956D46DE8}") = "CleanArch.Domain", "CleanArch.Domain", "{BAF86AAB-BF7B-4D5B-9AD5-94FBFC585BCB}"
EndProject
Project("{2150E333-8FDC-42A3-9474-1A3956D46DE8}") = "CleanArch.Infra.Ioc", "CleanArch.Infra.Ioc", "{A79F6577-D797-4CC4-8584-8D8ED0A64857}"
EndProject
Project("{2150E333-8FDC-42A3-9474-1A3956D46DE8}") = "CleanArch.Infra.Data", "CleanArch.Infra.Data", "{9D1E66D4-6B20-4AA1-B0F7-D766514DEA8E}"
EndProject
Project("{2150E333-8FDC-42A3-9474-1A3956D46DE8}") = "CleanArch.UI.Mvc", "CleanArch.UI.Mvc", "{FB21CA37-A3B8-4CEC-BEF1-13E2235D86AE}"
EndProject
Project("{FAE04EC0-301F-11D3-BF4B-00C04F79EFBC}") = "CleanArch.Mvc", "CleanArch.Mvc\CleanArch.Mvc.csproj", "{9F8CFCCE-B7A9-43BB-9DA9-96414756E14B}"
EndProject
Global
	GlobalSection(SolutionConfigurationPlatforms) = preSolution
		Debug|Any CPU = Debug|Any CPU
		Release|Any CPU = Release|Any CPU
	EndGlobalSection
	GlobalSection(ProjectConfigurationPlatforms) = postSolution
		{9F8CFCCE-B7A9-43BB-9DA9-96414756E14B}.Debug|Any CPU.ActiveCfg = Debug|Any CPU
		{9F8CFCCE-B7A9-43BB-9DA9-96414756E14B}.Debug|Any CPU.Build.0 = Debug|Any CPU
		{9F8CFCCE-B7A9-43BB-9DA9-96414756E14B}.Release|Any CPU.ActiveCfg = Release|Any CPU
		{9F8CFCCE-B7A9-43BB-9DA9-96414756E14B}.Release|Any CPU.Build.0 = Release|Any CPU
	EndGlobalSection
	GlobalSection(SolutionProperties) = preSolution
		HideSolutionNode = FALSE
	EndGlobalSection
	GlobalSection(NestedProjects) = preSolution
		{9F8CFCCE-B7A9-43BB-9DA9-96414756E14B} = {FB21CA37-A3B8-4CEC-BEF1-13E2235D86AE}
	EndGlobalSection
	GlobalSection(ExtensibilityGlobals) = postSolution
		SolutionGuid = {6D83BBB5-E336-41E7-8626-53D9A80CF1BE}
	EndGlobalSection
EndGlobal
